
Microsoft Visual Studio Solution File, Format Version 12.00
# Visual Studio 15
VisualStudioVersion = 15.0.26730.15
MinimumVisualStudioVersion = 10.0.40219.1
Project("{9A19103F-16F7-4668-BE54-9A1E7A4F7556}") = "Raa.AspNetCore.MongoDataContext", "src\Raa.AspNetCore.MongoDataContext\Raa.AspNetCore.MongoDataContext.csproj", "{BAEA22F0-35DF-4C7D-BAE6-858213BD8C14}"
EndProject
Project("{2150E333-8FDC-42A3-9474-1A3956D46DE8}") = "samples", "samples", "{F5050FD8-9807-44FD-99F3-CB8B6D7ECE69}"
EndProject
Project("{9A19103F-16F7-4668-BE54-9A1E7A4F7556}") = "basicApiSample", "samples\basicApiSample\basicApiSample.csproj", "{B6F194D2-1F8D-47BF-8421-45058B1D5860}"
EndProject
Project("{FAE04EC0-301F-11D3-BF4B-00C04F79EFBC}") = "IdentitySample", "samples\IdentitySample\IdentitySample.csproj", "{5FACBEC0-6A53-418D-8CBB-4D058D48D7D0}"
EndProject
Global
	GlobalSection(SolutionConfigurationPlatforms) = preSolution
		Debug|Any CPU = Debug|Any CPU
		Release|Any CPU = Release|Any CPU
	EndGlobalSection
	GlobalSection(ProjectConfigurationPlatforms) = postSolution
		{BAEA22F0-35DF-4C7D-BAE6-858213BD8C14}.Debug|Any CPU.ActiveCfg = Debug|Any CPU
		{BAEA22F0-35DF-4C7D-BAE6-858213BD8C14}.Debug|Any CPU.Build.0 = Debug|Any CPU
		{BAEA22F0-35DF-4C7D-BAE6-858213BD8C14}.Release|Any CPU.ActiveCfg = Release|Any CPU
		{BAEA22F0-35DF-4C7D-BAE6-858213BD8C14}.Release|Any CPU.Build.0 = Release|Any CPU
		{B6F194D2-1F8D-47BF-8421-45058B1D5860}.Debug|Any CPU.ActiveCfg = Debug|Any CPU
		{B6F194D2-1F8D-47BF-8421-45058B1D5860}.Debug|Any CPU.Build.0 = Debug|Any CPU
		{B6F194D2-1F8D-47BF-8421-45058B1D5860}.Release|Any CPU.ActiveCfg = Release|Any CPU
		{B6F194D2-1F8D-47BF-8421-45058B1D5860}.Release|Any CPU.Build.0 = Release|Any CPU
		{5FACBEC0-6A53-418D-8CBB-4D058D48D7D0}.Debug|Any CPU.ActiveCfg = Debug|Any CPU
		{5FACBEC0-6A53-418D-8CBB-4D058D48D7D0}.Debug|Any CPU.Build.0 = Debug|Any CPU
		{5FACBEC0-6A53-418D-8CBB-4D058D48D7D0}.Release|Any CPU.ActiveCfg = Release|Any CPU
		{5FACBEC0-6A53-418D-8CBB-4D058D48D7D0}.Release|Any CPU.Build.0 = Release|Any CPU
	EndGlobalSection
	GlobalSection(SolutionProperties) = preSolution
		HideSolutionNode = FALSE
	EndGlobalSection
	GlobalSection(NestedProjects) = preSolution
		{B6F194D2-1F8D-47BF-8421-45058B1D5860} = {F5050FD8-9807-44FD-99F3-CB8B6D7ECE69}
		{5FACBEC0-6A53-418D-8CBB-4D058D48D7D0} = {F5050FD8-9807-44FD-99F3-CB8B6D7ECE69}
	EndGlobalSection
	GlobalSection(ExtensibilityGlobals) = postSolution
		SolutionGuid = {19C7D2B8-ABC0-4D29-974E-4FC34F441C22}
	EndGlobalSection
EndGlobal
